{
  "name": "app",
  "version": "1.0.0",
  "lockfileVersion": 2,
  "requires": true,
  "packages": {
    "": {
      "name": "app",
      "version": "1.0.0",
      "license": "ISC",
      "dependencies": {
        "@vant/area-data": "^1.2.4",
        "@vant/weapp": "^1.10.19"
      }
    },
    "node_modules/@vant/area-data": {
      "version": "1.2.4",
      "resolved": "https://registry.npmmirror.com/@vant/area-data/-/area-data-1.2.4.tgz",
      "integrity": "sha512-oowT5fePKdPR4DShoLnXejcXtW323JhtbJreOpFRBP2sNc/krgDe5W1BBCJg+frKet7x7cd0d8pA7xR3Vv9PLQ=="
    },
    "node_modules/@vant/weapp": {
      "version": "1.10.19",
      "resolved": "https://registry.npmjs.org/@vant/weapp/-/weapp-1.10.19.tgz",
      "integrity": "sha512-RStOPlSELi9lqim9dGagguViUVMNnfZaEceZ248JZgPjn5TzL2nwwHGWl9VI69SBPC+5MPS+LXm7Z4jcdscFeg=="
    }
  },
  "dependencies": {
    "@vant/area-data": {
      "version": "1.2.4",
      "resolved": "https://registry.npmmirror.com/@vant/area-data/-/area-data-1.2.4.tgz",
      "integrity": "sha512-oowT5fePKdPR4DShoLnXejcXtW323JhtbJreOpFRBP2sNc/krgDe5W1BBCJg+frKet7x7cd0d8pA7xR3Vv9PLQ=="
    },
    "@vant/weapp": {
      "version": "1.10.19",
      "resolved": "https://registry.npmjs.org/@vant/weapp/-/weapp-1.10.19.tgz",
      "integrity": "sha512-RStOPlSELi9lqim9dGagguViUVMNnfZaEceZ248JZgPjn5TzL2nwwHGWl9VI69SBPC+5MPS+LXm7Z4jcdscFeg=="
    }
  }
}
